
Microsoft Visual Studio Solution File, Format Version 12.00
# Visual Studio Version 17
VisualStudioVersion = 17.5.33516.290
MinimumVisualStudioVersion = 10.0.40219.1
Project("{2150E333-8FDC-42A3-9474-1A3956D46DE8}") = "build", "build", "{7AB5D6CC-26C8-4466-BF12-4770B307E0CB}"
	ProjectSection(SolutionItems) = preProject
		.editorconfig = .editorconfig
		Directory.Build.props = Directory.Build.props
		Directory.build.targets = Directory.build.targets
		Directory.Packages.props = Directory.Packages.props
		global.json = global.json
		nuget.config = nuget.config
	EndProjectSection
EndProject
Project("{2150E333-8FDC-42A3-9474-1A3956D46DE8}") = "examples", "examples", "{3F95FD4E-CC8B-4E24-B468-67FE0629E0C2}"
EndProject
Project("{2150E333-8FDC-42A3-9474-1A3956D46DE8}") = "Solution Items", "Solution Items", "{70EB2CDF-D033-42F6-BA68-FF6A4BDCBD00}"
	ProjectSection(SolutionItems) = preProject
		.gitignore = .gitignore
		.markdownlint.json = .markdownlint.json
		LICENSE.md = LICENSE.md
		README.md = README.md
	EndProjectSection
EndProject
Project("{2150E333-8FDC-42A3-9474-1A3956D46DE8}") = "tests", "tests", "{EDA41262-F588-415E-956D-98081AFD8E04}"
EndProject
Project("{FAE04EC0-301F-11D3-BF4B-00C04F79EFBC}") = "Kentico.Xperience.CalendarComponent", "src\Kentico.Xperience.CalendarComponent\Kentico.Xperience.CalendarComponent.csproj", "{E134487B-6432-491A-B7EA-691090B6E6B7}"
EndProject
Global
	GlobalSection(SolutionConfigurationPlatforms) = preSolution
		Debug|Any CPU = Debug|Any CPU
		Release|Any CPU = Release|Any CPU
	EndGlobalSection
	GlobalSection(ProjectConfigurationPlatforms) = postSolution
		{E134487B-6432-491A-B7EA-691090B6E6B7}.Debug|Any CPU.ActiveCfg = Debug|Any CPU
		{E134487B-6432-491A-B7EA-691090B6E6B7}.Debug|Any CPU.Build.0 = Debug|Any CPU
		{E134487B-6432-491A-B7EA-691090B6E6B7}.Release|Any CPU.ActiveCfg = Release|Any CPU
		{E134487B-6432-491A-B7EA-691090B6E6B7}.Release|Any CPU.Build.0 = Release|Any CPU
	EndGlobalSection
	GlobalSection(SolutionProperties) = preSolution
		HideSolutionNode = FALSE
	EndGlobalSection
	GlobalSection(ExtensibilityGlobals) = postSolution
		SolutionGuid = {1B2A20BC-F57B-4AAE-B1C2-E4DC52EFCAC5}
	EndGlobalSection
EndGlobal
